
Microsoft Visual Studio Solution File, Format Version 12.00
# Visual Studio Version 17
VisualStudioVersion = 17.9.34723.18
MinimumVisualStudioVersion = 10.0.40219.1
Project("{9A19103F-16F7-4668-BE54-9A1E7A4F7556}") = "Web_DongHo_WebAssembly", "Web_DongHo_WebAssembly\Web_DongHo_WebAssembly\Web_DongHo_WebAssembly.csproj", "{389E9FA3-36E0-4217-9E26-070E438845E0}"
EndProject
Global
	GlobalSection(SolutionConfigurationPlatforms) = preSolution
		Debug|Any CPU = Debug|Any CPU
		Release|Any CPU = Release|Any CPU
	EndGlobalSection
	GlobalSection(ProjectConfigurationPlatforms) = postSolution
		{389E9FA3-36E0-4217-9E26-070E438845E0}.Debug|Any CPU.ActiveCfg = Debug|Any CPU
		{389E9FA3-36E0-4217-9E26-070E438845E0}.Debug|Any CPU.Build.0 = Debug|Any CPU
		{389E9FA3-36E0-4217-9E26-070E438845E0}.Release|Any CPU.ActiveCfg = Release|Any CPU
		{389E9FA3-36E0-4217-9E26-070E438845E0}.Release|Any CPU.Build.0 = Release|Any CPU
	EndGlobalSection
	GlobalSection(SolutionProperties) = preSolution
		HideSolutionNode = FALSE
	EndGlobalSection
	GlobalSection(ExtensibilityGlobals) = postSolution
		SolutionGuid = {67BC18B3-C537-450D-9509-E72F97BCF414}
	EndGlobalSection
EndGlobal
